
Microsoft Visual Studio Solution File, Format Version 12.00
# Visual Studio Version 17
VisualStudioVersion = 17.10.35027.167
MinimumVisualStudioVersion = 10.0.40219.1
Project("{FAE04EC0-301F-11D3-BF4B-00C04F79EFBC}") = "UserInputsArray", "UserInputsArray\UserInputsArray.csproj", "{7FB9DC36-45D4-4A2F-8D38-264DEDD9DE1B}"
EndProject
Global
	GlobalSection(SolutionConfigurationPlatforms) = preSolution
		Debug|Any CPU = Debug|Any CPU
		Release|Any CPU = Release|Any CPU
	EndGlobalSection
	GlobalSection(ProjectConfigurationPlatforms) = postSolution
		{7FB9DC36-45D4-4A2F-8D38-264DEDD9DE1B}.Debug|Any CPU.ActiveCfg = Debug|Any CPU
		{7FB9DC36-45D4-4A2F-8D38-264DEDD9DE1B}.Debug|Any CPU.Build.0 = Debug|Any CPU
		{7FB9DC36-45D4-4A2F-8D38-264DEDD9DE1B}.Release|Any CPU.ActiveCfg = Release|Any CPU
		{7FB9DC36-45D4-4A2F-8D38-264DEDD9DE1B}.Release|Any CPU.Build.0 = Release|Any CPU
	EndGlobalSection
	GlobalSection(SolutionProperties) = preSolution
		HideSolutionNode = FALSE
	EndGlobalSection
	GlobalSection(ExtensibilityGlobals) = postSolution
		SolutionGuid = {BB1E8FCB-8BEF-4B1F-A957-6F28F586CD3F}
	EndGlobalSection
EndGlobal
